github.com/google/go-cmp v0.5.8 h1:e6P7q2lk1O+qJJb4BtCQXlK8vWEO8V1ZeuEdJNOqZyg=
github.com/google/go-cmp v0.5.8/go.mod h1:17dUlkBOakJ0+DkrSSNjCkIjxS6bF9zb3elmeNGIjoY=
github.com/shoenig/test v0.3.1 h1:dhGZztS6nQuvJ0o0RtUiQHaEO4hhArh/WmWwik3Ols0=
github.com/shoenig/test v0.3.1/go.mod h1:xYtyGBC5Q3kzCNyJg/SjgNpfAa2kvmgA0i5+lQso8x0=
