github.com/google/go-cmp v0.5.8 h1:e6P7q2lk1O+qJJb4BtCQXlK8vWEO8V1ZeuEdJNOqZyg=
github.com/google/go-cmp v0.5.8/go.mod h1:17dUlkBOakJ0+DkrSSNjCkIjxS6bF9zb3elmeNGIjoY=
github.com/shoenig/test v0.6.0 h1:rU0ymLHmCRqz14gABce/DzYryKU+uaWqobCBvAY6DtU=
github.com/shoenig/test v0.6.0/go.mod h1:xYtyGBC5Q3kzCNyJg/SjgNpfAa2kvmgA0i5+lQso8x0=
